
Microsoft Visual Studio Solution File, Format Version 12.00
# Visual Studio Version 16
VisualStudioVersion = 16.0.28917.181
MinimumVisualStudioVersion = 10.0.40219.1
Project("{9A19103F-16F7-4668-BE54-9A1E7A4F7556}") = "EssentialExtensions", "EssentialExtensions\EssentialExtensions.csproj", "{9C399280-A17B-4D41-BCB2-3E394568CB86}"
EndProject
Project("{9A19103F-16F7-4668-BE54-9A1E7A4F7556}") = "EssentialExtensions.Tests", "EssentialExtensions.Tests\EssentialExtensions.Tests.csproj", "{8C7FEF58-76D6-414F-ADBD-637F841540DE}"
EndProject
Global
	GlobalSection(SolutionConfigurationPlatforms) = preSolution
		Debug|Any CPU = Debug|Any CPU
		Release|Any CPU = Release|Any CPU
	EndGlobalSection
	GlobalSection(ProjectConfigurationPlatforms) = postSolution
		{9C399280-A17B-4D41-BCB2-3E394568CB86}.Debug|Any CPU.ActiveCfg = Debug|Any CPU
		{9C399280-A17B-4D41-BCB2-3E394568CB86}.Debug|Any CPU.Build.0 = Debug|Any CPU
		{9C399280-A17B-4D41-BCB2-3E394568CB86}.Release|Any CPU.ActiveCfg = Release|Any CPU
		{9C399280-A17B-4D41-BCB2-3E394568CB86}.Release|Any CPU.Build.0 = Release|Any CPU
		{8C7FEF58-76D6-414F-ADBD-637F841540DE}.Debug|Any CPU.ActiveCfg = Debug|Any CPU
		{8C7FEF58-76D6-414F-ADBD-637F841540DE}.Debug|Any CPU.Build.0 = Debug|Any CPU
		{8C7FEF58-76D6-414F-ADBD-637F841540DE}.Release|Any CPU.ActiveCfg = Release|Any CPU
		{8C7FEF58-76D6-414F-ADBD-637F841540DE}.Release|Any CPU.Build.0 = Release|Any CPU
	EndGlobalSection
	GlobalSection(SolutionProperties) = preSolution
		HideSolutionNode = FALSE
	EndGlobalSection
	GlobalSection(ExtensibilityGlobals) = postSolution
		SolutionGuid = {DFB85841-B18D-4D1F-AF69-41119F4C7BD1}
	EndGlobalSection
EndGlobal
